# Generated by pub
# See https://dart.dev/tools/pub/glossary#lockfile
packages:
  fed:
    dependency: "direct main"
    description:
      path: "../packages/fed"
      relative: true
    source: path
    version: "0.0.1"
  fed_alt:
    dependency: "direct main"
    description:
      path: "../packages/fed_alt"
      relative: true
    source: path
    version: "0.0.1"
  fed_android:
    dependency: transitive
    description:
      path: "../packages/fed_android"
      relative: true
    source: path
    version: "0.0.1"
  other_plugin:
    dependency: "direct main"
    description:
      path: "../packages/other_plugin"
      relative: true
    source: path
    version: "0.0.1"
sdks:
  dart: ">=3.0.0 <4.0.0"
