# Generated by pub
# See https://dart.dev/tools/pub/glossary#lockfile
packages:
  alpha_kotlin:
    dependency: "direct main"
    description:
      path: "../packages/alpha_kotlin"
      relative: true
    source: path
    version: "0.0.1"
  beta_ffi:
    dependency: "direct main"
    description:
      path: "../packages/beta_ffi"
      relative: true
    source: path
    version: "0.0.1"
  dev_only_delta:
    dependency: "direct dev"
    description:
      path: "../packages/dev_only_delta"
      relative: true
    source: path
    version: "0.0.1"
  mid_dart:
    dependency: "direct main"
    description:
      path: "../packages/mid_dart"
      relative: true
    source: path
    version: "0.0.1"
  omega_v1:
    dependency: "direct main"
    description:
      path: "../packages/omega_v1"
      relative: true
    source: path
    version: "0.0.1"
  shared_gamma:
    dependency: "direct dev"
    description:
      path: "../packages/shared_gamma"
      relative: true
    source: path
    version: "0.0.1"
  transitive_eta:
    dependency: transitive
    description:
      path: "../packages/transitive_eta"
      relative: true
    source: path
    version: "0.0.1"
  zeta_java:
    dependency: "direct main"
    description:
      path: "../packages/zeta_java"
      relative: true
    source: path
    version: "0.0.1"
sdks:
  dart: ">=3.0.0 <4.0.0"
